
Microsoft Visual Studio Solution File, Format Version 12.00
# Visual Studio Version 16
VisualStudioVersion = 16.0.31515.178
MinimumVisualStudioVersion = 10.0.40219.1
Project("{FAE04EC0-301F-11D3-BF4B-00C04F79EFBC}") = "DotNet.Forms.Dialogs", "DotNet.Forms.Dialogs\DotNet.Forms.Dialogs.csproj", "{F3F256DF-05C6-4B58-BF31-BF67833ECD2D}"
EndProject
Project("{FAE04EC0-301F-11D3-BF4B-00C04F79EFBC}") = "DotNet.Forms.Dialogs.AppTest", "DotNet.Forms.Dialogs.AppTest\DotNet.Forms.Dialogs.AppTest.csproj", "{A6413FA0-64F0-4D30-8782-189A8EF4C739}"
EndProject
Global
	GlobalSection(SolutionConfigurationPlatforms) = preSolution
		Debug|Any CPU = Debug|Any CPU
		Release|Any CPU = Release|Any CPU
	EndGlobalSection
	GlobalSection(ProjectConfigurationPlatforms) = postSolution
		{F3F256DF-05C6-4B58-BF31-BF67833ECD2D}.Debug|Any CPU.ActiveCfg = Debug|Any CPU
		{F3F256DF-05C6-4B58-BF31-BF67833ECD2D}.Debug|Any CPU.Build.0 = Debug|Any CPU
		{F3F256DF-05C6-4B58-BF31-BF67833ECD2D}.Release|Any CPU.ActiveCfg = Release|Any CPU
		{F3F256DF-05C6-4B58-BF31-BF67833ECD2D}.Release|Any CPU.Build.0 = Release|Any CPU
		{A6413FA0-64F0-4D30-8782-189A8EF4C739}.Debug|Any CPU.ActiveCfg = Debug|Any CPU
		{A6413FA0-64F0-4D30-8782-189A8EF4C739}.Debug|Any CPU.Build.0 = Debug|Any CPU
		{A6413FA0-64F0-4D30-8782-189A8EF4C739}.Release|Any CPU.ActiveCfg = Release|Any CPU
		{A6413FA0-64F0-4D30-8782-189A8EF4C739}.Release|Any CPU.Build.0 = Release|Any CPU
	EndGlobalSection
	GlobalSection(SolutionProperties) = preSolution
		HideSolutionNode = FALSE
	EndGlobalSection
	GlobalSection(ExtensibilityGlobals) = postSolution
		SolutionGuid = {4B25514B-7FE1-470F-AAB1-707AFFF67B76}
	EndGlobalSection
EndGlobal
